
Microsoft Visual Studio Solution File, Format Version 12.00
# Visual Studio Version 16
VisualStudioVersion = 16.0.31410.357
MinimumVisualStudioVersion = 10.0.40219.1
Project("{9A19103F-16F7-4668-BE54-9A1E7A4F7556}") = "Gw2TinyWvwKillCounter", "Gw2TinyWvWKillCounter\Gw2TinyWvwKillCounter.csproj", "{29EA6751-E589-409F-9124-BA68E1C7A7DE}"
EndProject
Global
	GlobalSection(SolutionConfigurationPlatforms) = preSolution
		Debug|Any CPU = Debug|Any CPU
		Release|Any CPU = Release|Any CPU
	EndGlobalSection
	GlobalSection(ProjectConfigurationPlatforms) = postSolution
		{29EA6751-E589-409F-9124-BA68E1C7A7DE}.Debug|Any CPU.ActiveCfg = Debug|Any CPU
		{29EA6751-E589-409F-9124-BA68E1C7A7DE}.Debug|Any CPU.Build.0 = Debug|Any CPU
		{29EA6751-E589-409F-9124-BA68E1C7A7DE}.Release|Any CPU.ActiveCfg = Release|Any CPU
		{29EA6751-E589-409F-9124-BA68E1C7A7DE}.Release|Any CPU.Build.0 = Release|Any CPU
	EndGlobalSection
	GlobalSection(SolutionProperties) = preSolution
		HideSolutionNode = FALSE
	EndGlobalSection
	GlobalSection(ExtensibilityGlobals) = postSolution
		SolutionGuid = {BA84AFE1-1571-40D2-8055-FC69F669C2E5}
	EndGlobalSection
EndGlobal
